// !$*UTF8*$!
{
	archiveVersion = 1;
	classes = {
	};
	objectVersion = 52;
	objects = {

/* Begin PBXBuildFile section */
		D794CF43268998840082459E /* ConfCore in Frameworks */ = {isa = PBXBuildFile; productRef = D794CF42268998840082459E /* ConfCore */; };
		D794CF44268998840082459E /* ConfCore in Embed Frameworks */ = {isa = PBXBuildFile; productRef = D794CF42268998840082459E /* ConfCore */; settings = {ATTRIBUTES = (CodeSignOnCopy, ); }; };
		D7EA59B826897AB200FC4622 /* AppDelegate.swift in Sources */ = {isa = PBXBuildFile; fileRef = D7EA59B726897AB200FC4622 /* AppDelegate.swift */; };
		D7EA59BC26897AB400FC4622 /* Assets.xcassets in Resources */ = {isa = PBXBuildFile; fileRef = D7EA59BB26897AB400FC4622 /* Assets.xcassets */; };
		D7EA59BF26897AB400FC4622 /* Main.storyboard in Resources */ = {isa = PBXBuildFile; fileRef = D7EA59BD26897AB400FC4622 /* Main.storyboard */; };
		D7EA59F826897FBA00FC4622 /* AppDelegate.swift in Sources */ = {isa = PBXBuildFile; fileRef = D7EA59F726897FBA00FC4622 /* AppDelegate.swift */; };
		D7EA59FA26897FBA00FC4622 /* SceneDelegate.swift in Sources */ = {isa = PBXBuildFile; fileRef = D7EA59F926897FBA00FC4622 /* SceneDelegate.swift */; };
		D7EA59FC26897FBA00FC4622 /* ViewController.swift in Sources */ = {isa = PBXBuildFile; fileRef = D7EA59FB26897FBA00FC4622 /* ViewController.swift */; };
		D7EA59FF26897FBA00FC4622 /* Main.storyboard in Resources */ = {isa = PBXBuildFile; fileRef = D7EA59FD26897FBA00FC4622 /* Main.storyboard */; };
		D7EA5A0126897FBB00FC4622 /* Assets.xcassets in Resources */ = {isa = PBXBuildFile; fileRef = D7EA5A0026897FBB00FC4622 /* Assets.xcassets */; };
		D7EA5A0426897FBB00FC4622 /* LaunchScreen.storyboard in Resources */ = {isa = PBXBuildFile; fileRef = D7EA5A0226897FBB00FC4622 /* LaunchScreen.storyboard */; };
		D7EA5A402689802A00FC4622 /* AppDelegate.swift in Sources */ = {isa = PBXBuildFile; fileRef = D7EA5A3F2689802A00FC4622 /* AppDelegate.swift */; };
		D7EA5A422689802A00FC4622 /* SceneDelegate.swift in Sources */ = {isa = PBXBuildFile; fileRef = D7EA5A412689802A00FC4622 /* SceneDelegate.swift */; };
		D7EA5A442689802A00FC4622 /* ViewController.swift in Sources */ = {isa = PBXBuildFile; fileRef = D7EA5A432689802A00FC4622 /* ViewController.swift */; };
		D7EA5A472689802A00FC4622 /* Main.storyboard in Resources */ = {isa = PBXBuildFile; fileRef = D7EA5A452689802A00FC4622 /* Main.storyboard */; };
		D7EA5A492689802B00FC4622 /* Assets.xcassets in Resources */ = {isa = PBXBuildFile; fileRef = D7EA5A482689802B00FC4622 /* Assets.xcassets */; };
		D7EA5A4C2689802B00FC4622 /* LaunchScreen.storyboard in Resources */ = {isa = PBXBuildFile; fileRef = D7EA5A4A2689802B00FC4622 /* LaunchScreen.storyboard */; };
/* End PBXBuildFile section */

/* Begin PBXCopyFilesBuildPhase section */
		D7EA5A962689843700FC4622 /* Embed Frameworks */ = {
			isa = PBXCopyFilesBuildPhase;
			buildActionMask = 2147483647;
			dstPath = "";
			dstSubfolderSpec = 10;
			files = (
				D794CF44268998840082459E /* ConfCore in Embed Frameworks */,
			);
			name = "Embed Frameworks";
			runOnlyForDeploymentPostprocessing = 0;
		};
/* End PBXCopyFilesBuildPhase section */

/* Begin PBXFileReference section */
		D794CF3A268995580082459E /* ConfCore */ = {isa = PBXFileReference; lastKnownFileType = text; name = ConfCore; path = Packages/ConfCore; sourceTree = SOURCE_ROOT; };
		D794CF3F268997F70082459E /* Sparkle-master */ = {isa = PBXFileReference; lastKnownFileType = text; name = "Sparkle-master"; path = "Packages/Sparkle-master"; sourceTree = SOURCE_ROOT; };
		D7EA59B426897AB200FC4622 /* WWDCLearn.app */ = {isa = PBXFileReference; explicitFileType = wrapper.application; includeInIndex = 0; path = WWDCLearn.app; sourceTree = BUILT_PRODUCTS_DIR; };
		D7EA59B726897AB200FC4622 /* AppDelegate.swift */ = {isa = PBXFileReference; lastKnownFileType = sourcecode.swift; path = AppDelegate.swift; sourceTree = "<group>"; };
		D7EA59BB26897AB400FC4622 /* Assets.xcassets */ = {isa = PBXFileReference; lastKnownFileType = folder.assetcatalog; path = Assets.xcassets; sourceTree = "<group>"; };
		D7EA59BE26897AB400FC4622 /* Base */ = {isa = PBXFileReference; lastKnownFileType = file.storyboard; name = Base; path = Base.lproj/Main.storyboard; sourceTree = "<group>"; };
		D7EA59C026897AB400FC4622 /* Info.plist */ = {isa = PBXFileReference; lastKnownFileType = text.plist.xml; path = Info.plist; sourceTree = "<group>"; };
		D7EA59C126897AB400FC4622 /* WWDCLearn.entitlements */ = {isa = PBXFileReference; lastKnownFileType = text.plist.entitlements; path = WWDCLearn.entitlements; sourceTree = "<group>"; };
		D7EA59F526897FBA00FC4622 /* WWDCAgent.app */ = {isa = PBXFileReference; explicitFileType = wrapper.application; includeInIndex = 0; path = WWDCAgent.app; sourceTree = BUILT_PRODUCTS_DIR; };
		D7EA59F726897FBA00FC4622 /* AppDelegate.swift */ = {isa = PBXFileReference; lastKnownFileType = sourcecode.swift; path = AppDelegate.swift; sourceTree = "<group>"; };
		D7EA59F926897FBA00FC4622 /* SceneDelegate.swift */ = {isa = PBXFileReference; lastKnownFileType = sourcecode.swift; path = SceneDelegate.swift; sourceTree = "<group>"; };
		D7EA59FB26897FBA00FC4622 /* ViewController.swift */ = {isa = PBXFileReference; lastKnownFileType = sourcecode.swift; path = ViewController.swift; sourceTree = "<group>"; };
		D7EA59FE26897FBA00FC4622 /* Base */ = {isa = PBXFileReference; lastKnownFileType = file.storyboard; name = Base; path = Base.lproj/Main.storyboard; sourceTree = "<group>"; };
		D7EA5A0026897FBB00FC4622 /* Assets.xcassets */ = {isa = PBXFileReference; lastKnownFileType = folder.assetcatalog; path = Assets.xcassets; sourceTree = "<group>"; };
		D7EA5A0326897FBB00FC4622 /* Base */ = {isa = PBXFileReference; lastKnownFileType = file.storyboard; name = Base; path = Base.lproj/LaunchScreen.storyboard; sourceTree = "<group>"; };
		D7EA5A0526897FBB00FC4622 /* Info.plist */ = {isa = PBXFileReference; lastKnownFileType = text.plist.xml; path = Info.plist; sourceTree = "<group>"; };
		D7EA5A3D2689802A00FC4622 /* WWDCAgentTestClient.app */ = {isa = PBXFileReference; explicitFileType = wrapper.application; includeInIndex = 0; path = WWDCAgentTestClient.app; sourceTree = BUILT_PRODUCTS_DIR; };
		D7EA5A3F2689802A00FC4622 /* AppDelegate.swift */ = {isa = PBXFileReference; lastKnownFileType = sourcecode.swift; path = AppDelegate.swift; sourceTree = "<group>"; };
		D7EA5A412689802A00FC4622 /* SceneDelegate.swift */ = {isa = PBXFileReference; lastKnownFileType = sourcecode.swift; path = SceneDelegate.swift; sourceTree = "<group>"; };
		D7EA5A432689802A00FC4622 /* ViewController.swift */ = {isa = PBXFileReference; lastKnownFileType = sourcecode.swift; path = ViewController.swift; sourceTree = "<group>"; };
		D7EA5A462689802A00FC4622 /* Base */ = {isa = PBXFileReference; lastKnownFileType = file.storyboard; name = Base; path = Base.lproj/Main.storyboard; sourceTree = "<group>"; };
		D7EA5A482689802B00FC4622 /* Assets.xcassets */ = {isa = PBXFileReference; lastKnownFileType = folder.assetcatalog; path = Assets.xcassets; sourceTree = "<group>"; };
		D7EA5A4B2689802B00FC4622 /* Base */ = {isa = PBXFileReference; lastKnownFileType = file.storyboard; name = Base; path = Base.lproj/LaunchScreen.storyboard; sourceTree = "<group>"; };
		D7EA5A4D2689802B00FC4622 /* Info.plist */ = {isa = PBXFileReference; lastKnownFileType = text.plist.xml; path = Info.plist; sourceTree = "<group>"; };
/* End PBXFileReference section */

/* Begin PBXFrameworksBuildPhase section */
		D7EA59B126897AB200FC4622 /* Frameworks */ = {
			isa = PBXFrameworksBuildPhase;
			buildActionMask = 2147483647;
			files = (
				D794CF43268998840082459E /* ConfCore in Frameworks */,
			);
			runOnlyForDeploymentPostprocessing = 0;
		};
		D7EA59F226897FBA00FC4622 /* Frameworks */ = {
			isa = PBXFrameworksBuildPhase;
			buildActionMask = 2147483647;
			files = (
			);
			runOnlyForDeploymentPostprocessing = 0;
		};
		D7EA5A3A2689802A00FC4622 /* Frameworks */ = {
			isa = PBXFrameworksBuildPhase;
			buildActionMask = 2147483647;
			files = (
			);
			runOnlyForDeploymentPostprocessing = 0;
		};
/* End PBXFrameworksBuildPhase section */

/* Begin PBXGroup section */
		D7EA59AB26897AB200FC4622 = {
			isa = PBXGroup;
			children = (
				D7EA59E626897F0200FC4622 /* LocalDependencies */,
				D7EA59B626897AB200FC4622 /* WWDCLearn */,
				D7EA59F626897FBA00FC4622 /* WWDCAgent */,
				D7EA5A3E2689802A00FC4622 /* WWDCAgentTestClient */,
				D7EA59B526897AB200FC4622 /* Products */,
				D7EA5A922689843700FC4622 /* Frameworks */,
			);
			sourceTree = "<group>";
		};
		D7EA59B526897AB200FC4622 /* Products */ = {
			isa = PBXGroup;
			children = (
				D7EA59B426897AB200FC4622 /* WWDCLearn.app */,
				D7EA59F526897FBA00FC4622 /* WWDCAgent.app */,
				D7EA5A3D2689802A00FC4622 /* WWDCAgentTestClient.app */,
			);
			name = Products;
			sourceTree = "<group>";
		};
		D7EA59B626897AB200FC4622 /* WWDCLearn */ = {
			isa = PBXGroup;
			children = (
				D7EA5A87268982FE00FC4622 /* Controllers */,
				D7EA5A86268982F900FC4622 /* Views */,
				D7EA5A85268982F200FC4622 /* ViewModels */,
				D7EA5A84268982E400FC4622 /* Bootstrap */,
				D7EA5A83268982D600FC4622 /* Resources */,
				D7EA5A82268982CE00FC4622 /* Look */,
				D7EA5A81268982C900FC4622 /* Util */,
				D7EA5A80268982C300FC4622 /* Helpers */,
				D7EA5A7F268982BA00FC4622 /* Definitions */,
				D7EA5A7E268982AB00FC4622 /* Playback Support */,
				D7EA59C126897AB400FC4622 /* WWDCLearn.entitlements */,
			);
			path = WWDCLearn;
			sourceTree = "<group>";
		};
		D7EA59E626897F0200FC4622 /* LocalDependencies */ = {
			isa = PBXGroup;
			children = (
				D794CF3F268997F70082459E /* Sparkle-master */,
				D794CF3A268995580082459E /* ConfCore */,
			);
			path = LocalDependencies;
			sourceTree = "<group>";
		};
		D7EA59F626897FBA00FC4622 /* WWDCAgent */ = {
			isa = PBXGroup;
			children = (
				D7EA59F726897FBA00FC4622 /* AppDelegate.swift */,
				D7EA59F926897FBA00FC4622 /* SceneDelegate.swift */,
				D7EA59FB26897FBA00FC4622 /* ViewController.swift */,
				D7EA59FD26897FBA00FC4622 /* Main.storyboard */,
				D7EA5A0026897FBB00FC4622 /* Assets.xcassets */,
				D7EA5A0226897FBB00FC4622 /* LaunchScreen.storyboard */,
				D7EA5A0526897FBB00FC4622 /* Info.plist */,
			);
			path = WWDCAgent;
			sourceTree = "<group>";
		};
		D7EA5A3E2689802A00FC4622 /* WWDCAgentTestClient */ = {
			isa = PBXGroup;
			children = (
				D7EA5A3F2689802A00FC4622 /* AppDelegate.swift */,
				D7EA5A412689802A00FC4622 /* SceneDelegate.swift */,
				D7EA5A432689802A00FC4622 /* ViewController.swift */,
				D7EA5A452689802A00FC4622 /* Main.storyboard */,
				D7EA5A482689802B00FC4622 /* Assets.xcassets */,
				D7EA5A4A2689802B00FC4622 /* LaunchScreen.storyboard */,
				D7EA5A4D2689802B00FC4622 /* Info.plist */,
			);
			path = WWDCAgentTestClient;
			sourceTree = "<group>";
		};
		D7EA5A7E268982AB00FC4622 /* Playback Support */ = {
			isa = PBXGroup;
			children = (
			);
			path = "Playback Support";
			sourceTree = "<group>";
		};
		D7EA5A7F268982BA00FC4622 /* Definitions */ = {
			isa = PBXGroup;
			children = (
			);
			path = Definitions;
			sourceTree = "<group>";
		};
		D7EA5A80268982C300FC4622 /* Helpers */ = {
			isa = PBXGroup;
			children = (
			);
			path = Helpers;
			sourceTree = "<group>";
		};
		D7EA5A81268982C900FC4622 /* Util */ = {
			isa = PBXGroup;
			children = (
			);
			path = Util;
			sourceTree = "<group>";
		};
		D7EA5A82268982CE00FC4622 /* Look */ = {
			isa = PBXGroup;
			children = (
			);
			path = Look;
			sourceTree = "<group>";
		};
		D7EA5A83268982D600FC4622 /* Resources */ = {
			isa = PBXGroup;
			children = (
				D7EA59BB26897AB400FC4622 /* Assets.xcassets */,
				D7EA59BD26897AB400FC4622 /* Main.storyboard */,
				D7EA59C026897AB400FC4622 /* Info.plist */,
			);
			path = Resources;
			sourceTree = "<group>";
		};
		D7EA5A84268982E400FC4622 /* Bootstrap */ = {
			isa = PBXGroup;
			children = (
				D7EA59B726897AB200FC4622 /* AppDelegate.swift */,
			);
			path = Bootstrap;
			sourceTree = "<group>";
		};
		D7EA5A85268982F200FC4622 /* ViewModels */ = {
			isa = PBXGroup;
			children = (
			);
			path = ViewModels;
			sourceTree = "<group>";
		};
		D7EA5A86268982F900FC4622 /* Views */ = {
			isa = PBXGroup;
			children = (
			);
			path = Views;
			sourceTree = "<group>";
		};
		D7EA5A87268982FE00FC4622 /* Controllers */ = {
			isa = PBXGroup;
			children = (
			);
			path = Controllers;
			sourceTree = "<group>";
		};
		D7EA5A922689843700FC4622 /* Frameworks */ = {
			isa = PBXGroup;
			children = (
			);
			name = Frameworks;
			sourceTree = "<group>";
		};
/* End PBXGroup section */

/* Begin PBXNativeTarget section */
		D7EA59B326897AB200FC4622 /* WWDCLearn */ = {
			isa = PBXNativeTarget;
			buildConfigurationList = D7EA59DA26897AB400FC4622 /* Build configuration list for PBXNativeTarget "WWDCLearn" */;
			buildPhases = (
				D7EA59B026897AB200FC4622 /* Sources */,
				D7EA59B126897AB200FC4622 /* Frameworks */,
				D7EA59B226897AB200FC4622 /* Resources */,
				D7EA5A962689843700FC4622 /* Embed Frameworks */,
			);
			buildRules = (
			);
			dependencies = (
			);
			name = WWDCLearn;
			packageProductDependencies = (
				D794CF42268998840082459E /* ConfCore */,
			);
			productName = WWDCLearn;
			productReference = D7EA59B426897AB200FC4622 /* WWDCLearn.app */;
			productType = "com.apple.product-type.application";
		};
		D7EA59F426897FBA00FC4622 /* WWDCAgent */ = {
			isa = PBXNativeTarget;
			buildConfigurationList = D7EA5A1C26897FBB00FC4622 /* Build configuration list for PBXNativeTarget "WWDCAgent" */;
			buildPhases = (
				D7EA59F126897FBA00FC4622 /* Sources */,
				D7EA59F226897FBA00FC4622 /* Frameworks */,
				D7EA59F326897FBA00FC4622 /* Resources */,
			);
			buildRules = (
			);
			dependencies = (
			);
			name = WWDCAgent;
			productName = WWDCAgent;
			productReference = D7EA59F526897FBA00FC4622 /* WWDCAgent.app */;
			productType = "com.apple.product-type.application";
		};
		D7EA5A3C2689802A00FC4622 /* WWDCAgentTestClient */ = {
			isa = PBXNativeTarget;
			buildConfigurationList = D7EA5A642689802B00FC4622 /* Build configuration list for PBXNativeTarget "WWDCAgentTestClient" */;
			buildPhases = (
				D7EA5A392689802A00FC4622 /* Sources */,
				D7EA5A3A2689802A00FC4622 /* Frameworks */,
				D7EA5A3B2689802A00FC4622 /* Resources */,
			);
			buildRules = (
			);
			dependencies = (
			);
			name = WWDCAgentTestClient;
			productName = WWDCAgentTestClient;
			productReference = D7EA5A3D2689802A00FC4622 /* WWDCAgentTestClient.app */;
			productType = "com.apple.product-type.application";
		};
/* End PBXNativeTarget section */

/* Begin PBXProject section */
		D7EA59AC26897AB200FC4622 /* Project object */ = {
			isa = PBXProject;
			attributes = {
				LastSwiftUpdateCheck = 1240;
				LastUpgradeCheck = 1240;
				TargetAttributes = {
					D7EA59B326897AB200FC4622 = {
						CreatedOnToolsVersion = 12.4;
					};
					D7EA59F426897FBA00FC4622 = {
						CreatedOnToolsVersion = 12.4;
					};
					D7EA5A3C2689802A00FC4622 = {
						CreatedOnToolsVersion = 12.4;
					};
				};
			};
			buildConfigurationList = D7EA59AF26897AB200FC4622 /* Build configuration list for PBXProject "WWDCLearn" */;
			compatibilityVersion = "Xcode 9.3";
			developmentRegion = en;
			hasScannedForEncodings = 0;
			knownRegions = (
				en,
				Base,
			);
			mainGroup = D7EA59AB26897AB200FC4622;
			productRefGroup = D7EA59B526897AB200FC4622 /* Products */;
			projectDirPath = "";
			projectRoot = "";
			targets = (
				D7EA59B326897AB200FC4622 /* WWDCLearn */,
				D7EA59F426897FBA00FC4622 /* WWDCAgent */,
				D7EA5A3C2689802A00FC4622 /* WWDCAgentTestClient */,
			);
		};
/* End PBXProject section */

/* Begin PBXResourcesBuildPhase section */
		D7EA59B226897AB200FC4622 /* Resources */ = {
			isa = PBXResourcesBuildPhase;
			buildActionMask = 2147483647;
			files = (
				D7EA59BC26897AB400FC4622 /* Assets.xcassets in Resources */,
				D7EA59BF26897AB400FC4622 /* Main.storyboard in Resources */,
			);
			runOnlyForDeploymentPostprocessing = 0;
		};
		D7EA59F326897FBA00FC4622 /* Resources */ = {
			isa = PBXResourcesBuildPhase;
			buildActionMask = 2147483647;
			files = (
				D7EA5A0426897FBB00FC4622 /* LaunchScreen.storyboard in Resources */,
				D7EA5A0126897FBB00FC4622 /* Assets.xcassets in Resources */,
				D7EA59FF26897FBA00FC4622 /* Main.storyboard in Resources */,
			);
			runOnlyForDeploymentPostprocessing = 0;
		};
		D7EA5A3B2689802A00FC4622 /* Resources */ = {
			isa = PBXResourcesBuildPhase;
			buildActionMask = 2147483647;
			files = (
				D7EA5A4C2689802B00FC4622 /* LaunchScreen.storyboard in Resources */,
				D7EA5A492689802B00FC4622 /* Assets.xcassets in Resources */,
				D7EA5A472689802A00FC4622 /* Main.storyboard in Resources */,
			);
			runOnlyForDeploymentPostprocessing = 0;
		};
/* End PBXResourcesBuildPhase section */

/* Begin PBXSourcesBuildPhase section */
		D7EA59B026897AB200FC4622 /* Sources */ = {
			isa = PBXSourcesBuildPhase;
			buildActionMask = 2147483647;
			files = (
				D7EA59B826897AB200FC4622 /* AppDelegate.swift in Sources */,
			);
			runOnlyForDeploymentPostprocessing = 0;
		};
		D7EA59F126897FBA00FC4622 /* Sources */ = {
			isa = PBXSourcesBuildPhase;
			buildActionMask = 2147483647;
			files = (
				D7EA59FC26897FBA00FC4622 /* ViewController.swift in Sources */,
				D7EA59F826897FBA00FC4622 /* AppDelegate.swift in Sources */,
				D7EA59FA26897FBA00FC4622 /* SceneDelegate.swift in Sources */,
			);
			runOnlyForDeploymentPostprocessing = 0;
		};
		D7EA5A392689802A00FC4622 /* Sources */ = {
			isa = PBXSourcesBuildPhase;
			buildActionMask = 2147483647;
			files = (
				D7EA5A442689802A00FC4622 /* ViewController.swift in Sources */,
				D7EA5A402689802A00FC4622 /* AppDelegate.swift in Sources */,
				D7EA5A422689802A00FC4622 /* SceneDelegate.swift in Sources */,
			);
			runOnlyForDeploymentPostprocessing = 0;
		};
/* End PBXSourcesBuildPhase section */

/* Begin PBXVariantGroup section */
		D7EA59BD26897AB400FC4622 /* Main.storyboard */ = {
			isa = PBXVariantGroup;
			children = (
				D7EA59BE26897AB400FC4622 /* Base */,
			);
			name = Main.storyboard;
			sourceTree = "<group>";
		};
		D7EA59FD26897FBA00FC4622 /* Main.storyboard */ = {
			isa = PBXVariantGroup;
			children = (
				D7EA59FE26897FBA00FC4622 /* Base */,
			);
			name = Main.storyboard;
			sourceTree = "<group>";
		};
		D7EA5A0226897FBB00FC4622 /* LaunchScreen.storyboard */ = {
			isa = PBXVariantGroup;
			children = (
				D7EA5A0326897FBB00FC4622 /* Base */,
			);
			name = LaunchScreen.storyboard;
			sourceTree = "<group>";
		};
		D7EA5A452689802A00FC4622 /* Main.storyboard */ = {
			isa = PBXVariantGroup;
			children = (
				D7EA5A462689802A00FC4622 /* Base */,
			);
			name = Main.storyboard;
			sourceTree = "<group>";
		};
		D7EA5A4A2689802B00FC4622 /* LaunchScreen.storyboard */ = {
			isa = PBXVariantGroup;
			children = (
				D7EA5A4B2689802B00FC4622 /* Base */,
			);
			name = LaunchScreen.storyboard;
			sourceTree = "<group>";
		};
/* End PBXVariantGroup section */

/* Begin XCBuildConfiguration section */
		D7EA59D826897AB400FC4622 /* Debug */ = {
			isa = XCBuildConfiguration;
			buildSettings = {
				ALWAYS_SEARCH_USER_PATHS = NO;
				CLANG_ANALYZER_NONNULL = YES;
				CLANG_ANALYZER_NUMBER_OBJECT_CONVERSION = YES_AGGRESSIVE;
				CLANG_CXX_LANGUAGE_STANDARD = "gnu++14";
				CLANG_CXX_LIBRARY = "libc++";
				CLANG_ENABLE_MODULES = YES;
				CLANG_ENABLE_OBJC_ARC = YES;
				CLANG_ENABLE_OBJC_WEAK = YES;
				CLANG_WARN_BLOCK_CAPTURE_AUTORELEASING = YES;
				CLANG_WARN_BOOL_CONVERSION = YES;
				CLANG_WARN_COMMA = YES;
				CLANG_WARN_CONSTANT_CONVERSION = YES;
				CLANG_WARN_DEPRECATED_OBJC_IMPLEMENTATIONS = YES;
				CLANG_WARN_DIRECT_OBJC_ISA_USAGE = YES_ERROR;
				CLANG_WARN_DOCUMENTATION_COMMENTS = YES;
				CLANG_WARN_EMPTY_BODY = YES;
				CLANG_WARN_ENUM_CONVERSION = YES;
				CLANG_WARN_INFINITE_RECURSION = YES;
				CLANG_WARN_INT_CONVERSION = YES;
				CLANG_WARN_NON_LITERAL_NULL_CONVERSION = YES;
				CLANG_WARN_OBJC_IMPLICIT_RETAIN_SELF = YES;
				CLANG_WARN_OBJC_LITERAL_CONVERSION = YES;
				CLANG_WARN_OBJC_ROOT_CLASS = YES_ERROR;
				CLANG_WARN_QUOTED_INCLUDE_IN_FRAMEWORK_HEADER = YES;
				CLANG_WARN_RANGE_LOOP_ANALYSIS = YES;
				CLANG_WARN_STRICT_PROTOTYPES = YES;
				CLANG_WARN_SUSPICIOUS_MOVE = YES;
				CLANG_WARN_UNGUARDED_AVAILABILITY = YES_AGGRESSIVE;
				CLANG_WARN_UNREACHABLE_CODE = YES;
				CLANG_WARN__DUPLICATE_METHOD_MATCH = YES;
				COPY_PHASE_STRIP = NO;
				DEBUG_INFORMATION_FORMAT = dwarf;
				ENABLE_STRICT_OBJC_MSGSEND = YES;
				ENABLE_TESTABILITY = YES;
				GCC_C_LANGUAGE_STANDARD = gnu11;
				GCC_DYNAMIC_NO_PIC = NO;
				GCC_NO_COMMON_BLOCKS = YES;
				GCC_OPTIMIZATION_LEVEL = 0;
				GCC_PREPROCESSOR_DEFINITIONS = (
					"DEBUG=1",
					"$(inherited)",
				);
				GCC_WARN_64_TO_32_BIT_CONVERSION = YES;
				GCC_WARN_ABOUT_RETURN_TYPE = YES_ERROR;
				GCC_WARN_UNDECLARED_SELECTOR = YES;
				GCC_WARN_UNINITIALIZED_AUTOS = YES_AGGRESSIVE;
				GCC_WARN_UNUSED_FUNCTION = YES;
				GCC_WARN_UNUSED_VARIABLE = YES;
				MACOSX_DEPLOYMENT_TARGET = 11.0;
				MTL_ENABLE_DEBUG_INFO = INCLUDE_SOURCE;
				MTL_FAST_MATH = YES;
				ONLY_ACTIVE_ARCH = YES;
				SDKROOT = macosx;
				SWIFT_ACTIVE_COMPILATION_CONDITIONS = DEBUG;
				SWIFT_OPTIMIZATION_LEVEL = "-Onone";
			};
			name = Debug;
		};
		D7EA59D926897AB400FC4622 /* Release */ = {
			isa = XCBuildConfiguration;
			buildSettings = {
				ALWAYS_SEARCH_USER_PATHS = NO;
				CLANG_ANALYZER_NONNULL = YES;
				CLANG_ANALYZER_NUMBER_OBJECT_CONVERSION = YES_AGGRESSIVE;
				CLANG_CXX_LANGUAGE_STANDARD = "gnu++14";
				CLANG_CXX_LIBRARY = "libc++";
				CLANG_ENABLE_MODULES = YES;
				CLANG_ENABLE_OBJC_ARC = YES;
				CLANG_ENABLE_OBJC_WEAK = YES;
				CLANG_WARN_BLOCK_CAPTURE_AUTORELEASING = YES;
				CLANG_WARN_BOOL_CONVERSION = YES;
				CLANG_WARN_COMMA = YES;
				CLANG_WARN_CONSTANT_CONVERSION = YES;
				CLANG_WARN_DEPRECATED_OBJC_IMPLEMENTATIONS = YES;
				CLANG_WARN_DIRECT_OBJC_ISA_USAGE = YES_ERROR;
				CLANG_WARN_DOCUMENTATION_COMMENTS = YES;
				CLANG_WARN_EMPTY_BODY = YES;
				CLANG_WARN_ENUM_CONVERSION = YES;
				CLANG_WARN_INFINITE_RECURSION = YES;
				CLANG_WARN_INT_CONVERSION = YES;
				CLANG_WARN_NON_LITERAL_NULL_CONVERSION = YES;
				CLANG_WARN_OBJC_IMPLICIT_RETAIN_SELF = YES;
				CLANG_WARN_OBJC_LITERAL_CONVERSION = YES;
				CLANG_WARN_OBJC_ROOT_CLASS = YES_ERROR;
				CLANG_WARN_QUOTED_INCLUDE_IN_FRAMEWORK_HEADER = YES;
				CLANG_WARN_RANGE_LOOP_ANALYSIS = YES;
				CLANG_WARN_STRICT_PROTOTYPES = YES;
				CLANG_WARN_SUSPICIOUS_MOVE = YES;
				CLANG_WARN_UNGUARDED_AVAILABILITY = YES_AGGRESSIVE;
				CLANG_WARN_UNREACHABLE_CODE = YES;
				CLANG_WARN__DUPLICATE_METHOD_MATCH = YES;
				COPY_PHASE_STRIP = NO;
				DEBUG_INFORMATION_FORMAT = "dwarf-with-dsym";
				ENABLE_NS_ASSERTIONS = NO;
				ENABLE_STRICT_OBJC_MSGSEND = YES;
				GCC_C_LANGUAGE_STANDARD = gnu11;
				GCC_NO_COMMON_BLOCKS = YES;
				GCC_WARN_64_TO_32_BIT_CONVERSION = YES;
				GCC_WARN_ABOUT_RETURN_TYPE = YES_ERROR;
				GCC_WARN_UNDECLARED_SELECTOR = YES;
				GCC_WARN_UNINITIALIZED_AUTOS = YES_AGGRESSIVE;
				GCC_WARN_UNUSED_FUNCTION = YES;
				GCC_WARN_UNUSED_VARIABLE = YES;
				MACOSX_DEPLOYMENT_TARGET = 11.0;
				MTL_ENABLE_DEBUG_INFO = NO;
				MTL_FAST_MATH = YES;
				SDKROOT = macosx;
				SWIFT_COMPILATION_MODE = wholemodule;
				SWIFT_OPTIMIZATION_LEVEL = "-O";
			};
			name = Release;
		};
		D7EA59DB26897AB400FC4622 /* Debug */ = {
			isa = XCBuildConfiguration;
			buildSettings = {
				ASSETCATALOG_COMPILER_APPICON_NAME = AppIcon;
				ASSETCATALOG_COMPILER_GLOBAL_ACCENT_COLOR_NAME = AccentColor;
				CODE_SIGN_ENTITLEMENTS = WWDCLearn/WWDCLearn.entitlements;
				CODE_SIGN_STYLE = Automatic;
				COMBINE_HIDPI_IMAGES = YES;
				INFOPLIST_FILE = WWDCLearn/Resources/Info.plist;
				LD_RUNPATH_SEARCH_PATHS = (
					"$(inherited)",
					"@executable_path/../Frameworks",
				);
				PRODUCT_BUNDLE_IDENTIFIER = venqi.WWDCLearn;
				PRODUCT_NAME = "$(TARGET_NAME)";
				SWIFT_VERSION = 5.0;
				USER_HEADER_SEARCH_PATHS = "$(SRCROOT)/**";
			};
			name = Debug;
		};
		D7EA59DC26897AB400FC4622 /* Release */ = {
			isa = XCBuildConfiguration;
			buildSettings = {
				ASSETCATALOG_COMPILER_APPICON_NAME = AppIcon;
				ASSETCATALOG_COMPILER_GLOBAL_ACCENT_COLOR_NAME = AccentColor;
				CODE_SIGN_ENTITLEMENTS = WWDCLearn/WWDCLearn.entitlements;
				CODE_SIGN_STYLE = Automatic;
				COMBINE_HIDPI_IMAGES = YES;
				INFOPLIST_FILE = WWDCLearn/Resources/Info.plist;
				LD_RUNPATH_SEARCH_PATHS = (
					"$(inherited)",
					"@executable_path/../Frameworks",
				);
				PRODUCT_BUNDLE_IDENTIFIER = venqi.WWDCLearn;
				PRODUCT_NAME = "$(TARGET_NAME)";
				SWIFT_VERSION = 5.0;
				USER_HEADER_SEARCH_PATHS = "$(SRCROOT)/**";
			};
			name = Release;
		};
		D7EA5A1D26897FBB00FC4622 /* Debug */ = {
			isa = XCBuildConfiguration;
			buildSettings = {
				ASSETCATALOG_COMPILER_APPICON_NAME = AppIcon;
				ASSETCATALOG_COMPILER_GLOBAL_ACCENT_COLOR_NAME = AccentColor;
				CODE_SIGN_STYLE = Automatic;
				INFOPLIST_FILE = WWDCAgent/Info.plist;
				IPHONEOS_DEPLOYMENT_TARGET = 14.4;
				LD_RUNPATH_SEARCH_PATHS = (
					"$(inherited)",
					"@executable_path/Frameworks",
				);
				PRODUCT_BUNDLE_IDENTIFIER = venqi.WWDCAgent;
				PRODUCT_NAME = "$(TARGET_NAME)";
				SDKROOT = iphoneos;
				SWIFT_VERSION = 5.0;
				TARGETED_DEVICE_FAMILY = "1,2";
			};
			name = Debug;
		};
		D7EA5A1E26897FBB00FC4622 /* Release */ = {
			isa = XCBuildConfiguration;
			buildSettings = {
				ASSETCATALOG_COMPILER_APPICON_NAME = AppIcon;
				ASSETCATALOG_COMPILER_GLOBAL_ACCENT_COLOR_NAME = AccentColor;
				CODE_SIGN_STYLE = Automatic;
				INFOPLIST_FILE = WWDCAgent/Info.plist;
				IPHONEOS_DEPLOYMENT_TARGET = 14.4;
				LD_RUNPATH_SEARCH_PATHS = (
					"$(inherited)",
					"@executable_path/Frameworks",
				);
				PRODUCT_BUNDLE_IDENTIFIER = venqi.WWDCAgent;
				PRODUCT_NAME = "$(TARGET_NAME)";
				SDKROOT = iphoneos;
				SWIFT_VERSION = 5.0;
				TARGETED_DEVICE_FAMILY = "1,2";
				VALIDATE_PRODUCT = YES;
			};
			name = Release;
		};
		D7EA5A652689802B00FC4622 /* Debug */ = {
			isa = XCBuildConfiguration;
			buildSettings = {
				ASSETCATALOG_COMPILER_APPICON_NAME = AppIcon;
				ASSETCATALOG_COMPILER_GLOBAL_ACCENT_COLOR_NAME = AccentColor;
				CODE_SIGN_STYLE = Automatic;
				INFOPLIST_FILE = WWDCAgentTestClient/Info.plist;
				IPHONEOS_DEPLOYMENT_TARGET = 14.4;
				LD_RUNPATH_SEARCH_PATHS = (
					"$(inherited)",
					"@executable_path/Frameworks",
				);
				PRODUCT_BUNDLE_IDENTIFIER = venqi.WWDCAgentTestClient;
				PRODUCT_NAME = "$(TARGET_NAME)";
				SDKROOT = iphoneos;
				SWIFT_VERSION = 5.0;
				TARGETED_DEVICE_FAMILY = "1,2";
			};
			name = Debug;
		};
		D7EA5A662689802B00FC4622 /* Release */ = {
			isa = XCBuildConfiguration;
			buildSettings = {
				ASSETCATALOG_COMPILER_APPICON_NAME = AppIcon;
				ASSETCATALOG_COMPILER_GLOBAL_ACCENT_COLOR_NAME = AccentColor;
				CODE_SIGN_STYLE = Automatic;
				INFOPLIST_FILE = WWDCAgentTestClient/Info.plist;
				IPHONEOS_DEPLOYMENT_TARGET = 14.4;
				LD_RUNPATH_SEARCH_PATHS = (
					"$(inherited)",
					"@executable_path/Frameworks",
				);
				PRODUCT_BUNDLE_IDENTIFIER = venqi.WWDCAgentTestClient;
				PRODUCT_NAME = "$(TARGET_NAME)";
				SDKROOT = iphoneos;
				SWIFT_VERSION = 5.0;
				TARGETED_DEVICE_FAMILY = "1,2";
				VALIDATE_PRODUCT = YES;
			};
			name = Release;
		};
/* End XCBuildConfiguration section */

/* Begin XCConfigurationList section */
		D7EA59AF26897AB200FC4622 /* Build configuration list for PBXProject "WWDCLearn" */ = {
			isa = XCConfigurationList;
			buildConfigurations = (
				D7EA59D826897AB400FC4622 /* Debug */,
				D7EA59D926897AB400FC4622 /* Release */,
			);
			defaultConfigurationIsVisible = 0;
			defaultConfigurationName = Release;
		};
		D7EA59DA26897AB400FC4622 /* Build configuration list for PBXNativeTarget "WWDCLearn" */ = {
			isa = XCConfigurationList;
			buildConfigurations = (
				D7EA59DB26897AB400FC4622 /* Debug */,
				D7EA59DC26897AB400FC4622 /* Release */,
			);
			defaultConfigurationIsVisible = 0;
			defaultConfigurationName = Release;
		};
		D7EA5A1C26897FBB00FC4622 /* Build configuration list for PBXNativeTarget "WWDCAgent" */ = {
			isa = XCConfigurationList;
			buildConfigurations = (
				D7EA5A1D26897FBB00FC4622 /* Debug */,
				D7EA5A1E26897FBB00FC4622 /* Release */,
			);
			defaultConfigurationIsVisible = 0;
			defaultConfigurationName = Release;
		};
		D7EA5A642689802B00FC4622 /* Build configuration list for PBXNativeTarget "WWDCAgentTestClient" */ = {
			isa = XCConfigurationList;
			buildConfigurations = (
				D7EA5A652689802B00FC4622 /* Debug */,
				D7EA5A662689802B00FC4622 /* Release */,
			);
			defaultConfigurationIsVisible = 0;
			defaultConfigurationName = Release;
		};
/* End XCConfigurationList section */

/* Begin XCSwiftPackageProductDependency section */
		D794CF42268998840082459E /* ConfCore */ = {
			isa = XCSwiftPackageProductDependency;
			productName = ConfCore;
		};
/* End XCSwiftPackageProductDependency section */
	};
	rootObject = D7EA59AC26897AB200FC4622 /* Project object */;
}
